
Microsoft Visual Studio Solution File, Format Version 12.00
# Visual Studio Version 17
VisualStudioVersion = 17.3.32819.101
MinimumVisualStudioVersion = 10.0.40219.1
Project("{FAE04EC0-301F-11D3-BF4B-00C04F79EFBC}") = "ListaDePedidos", "ListaDePedidos\ListaDePedidos.csproj", "{50120EDC-D8FA-4BCA-A946-10211C9AABDD}"
EndProject
Global
	GlobalSection(SolutionConfigurationPlatforms) = preSolution
		Debug|Any CPU = Debug|Any CPU
		Release|Any CPU = Release|Any CPU
	EndGlobalSection
	GlobalSection(ProjectConfigurationPlatforms) = postSolution
		{50120EDC-D8FA-4BCA-A946-10211C9AABDD}.Debug|Any CPU.ActiveCfg = Debug|Any CPU
		{50120EDC-D8FA-4BCA-A946-10211C9AABDD}.Debug|Any CPU.Build.0 = Debug|Any CPU
		{50120EDC-D8FA-4BCA-A946-10211C9AABDD}.Release|Any CPU.ActiveCfg = Release|Any CPU
		{50120EDC-D8FA-4BCA-A946-10211C9AABDD}.Release|Any CPU.Build.0 = Release|Any CPU
	EndGlobalSection
	GlobalSection(SolutionProperties) = preSolution
		HideSolutionNode = FALSE
	EndGlobalSection
	GlobalSection(ExtensibilityGlobals) = postSolution
		SolutionGuid = {C07BA263-B047-46E4-8CA3-FF2381760299}
	EndGlobalSection
EndGlobal
